// !$*UTF8*$!
{
	archiveVersion = 1;
	classes = {
	};
	objectVersion = 55;
	objects = {

/* Begin PBXBuildFile section */
		430D9BCBAF5F8650678966F3 /* Pods_StargazerTests.framework in Frameworks */ = {isa = PBXBuildFile; fileRef = 9F7C869AE5030E168EE07E5A /* Pods_StargazerTests.framework */; };
		5F2C22DF27294B64003B2DC0 /* View+Extensions.swift in Sources */ = {isa = PBXBuildFile; fileRef = 5F2C22DE27294B64003B2DC0 /* View+Extensions.swift */; };
		5F2C22E127294CC9003B2DC0 /* StargazerViewModelTests.swift in Sources */ = {isa = PBXBuildFile; fileRef = 5F2C22E027294CC9003B2DC0 /* StargazerViewModelTests.swift */; };
		5F78EBFE2729640600CBC0DC /* MockGithubService.swift in Sources */ = {isa = PBXBuildFile; fileRef = 5F78EBFD2729640600CBC0DC /* MockGithubService.swift */; };
		5F78EC002729940800CBC0DC /* GithubServicIntegrationTests.swift in Sources */ = {isa = PBXBuildFile; fileRef = 5F78EBFF2729940800CBC0DC /* GithubServicIntegrationTests.swift */; };
		5F78EC022729B5D100CBC0DC /* StargazerListUITests.swift in Sources */ = {isa = PBXBuildFile; fileRef = 5F78EC012729B5D100CBC0DC /* StargazerListUITests.swift */; };
		5F96062427281DAD0016160D /* StargazerViewModel.swift in Sources */ = {isa = PBXBuildFile; fileRef = 5F96062327281DAD0016160D /* StargazerViewModel.swift */; };
		5F96062527281DAD0016160D /* StargazerViewModel.swift in Sources */ = {isa = PBXBuildFile; fileRef = 5F96062327281DAD0016160D /* StargazerViewModel.swift */; };
		5F96062827281F940016160D /* StargazerRow.swift in Sources */ = {isa = PBXBuildFile; fileRef = 5F96062727281F940016160D /* StargazerRow.swift */; };
		5F96062A272823E40016160D /* StargazerList.swift in Sources */ = {isa = PBXBuildFile; fileRef = 5F960629272823E40016160D /* StargazerList.swift */; };
		5FFDE7F32726FBE800A1E577 /* StargazerApp.swift in Sources */ = {isa = PBXBuildFile; fileRef = 5FFDE7F22726FBE800A1E577 /* StargazerApp.swift */; };
		5FFDE7F72726FBE900A1E577 /* Assets.xcassets in Resources */ = {isa = PBXBuildFile; fileRef = 5FFDE7F62726FBE900A1E577 /* Assets.xcassets */; };
		5FFDE7FA2726FBE900A1E577 /* Preview Assets.xcassets in Resources */ = {isa = PBXBuildFile; fileRef = 5FFDE7F92726FBE900A1E577 /* Preview Assets.xcassets */; };
		5FFDE81D27270DFF00A1E577 /* GithubClientTests.swift in Sources */ = {isa = PBXBuildFile; fileRef = 5FFDE81C27270DFF00A1E577 /* GithubClientTests.swift */; };
		5FFDE82027270FB500A1E577 /* GithubService.swift in Sources */ = {isa = PBXBuildFile; fileRef = 5FFDE81F27270FB500A1E577 /* GithubService.swift */; };
		5FFDE821272725F700A1E577 /* GithubService.swift in Sources */ = {isa = PBXBuildFile; fileRef = 5FFDE81F27270FB500A1E577 /* GithubService.swift */; };
		5FFDE82527272DF500A1E577 /* Stargazer.swift in Sources */ = {isa = PBXBuildFile; fileRef = 5FFDE82427272DF500A1E577 /* Stargazer.swift */; };
		5FFDE82627272DF500A1E577 /* Stargazer.swift in Sources */ = {isa = PBXBuildFile; fileRef = 5FFDE82427272DF500A1E577 /* Stargazer.swift */; };
		5FFDE82927272E9C00A1E577 /* Github.swift in Sources */ = {isa = PBXBuildFile; fileRef = 5FFDE82827272E9C00A1E577 /* Github.swift */; };
		5FFDE82A27272E9C00A1E577 /* Github.swift in Sources */ = {isa = PBXBuildFile; fileRef = 5FFDE82827272E9C00A1E577 /* Github.swift */; };
		C012725FDBB250B212BA34DA /* Pods_Stargazer.framework in Frameworks */ = {isa = PBXBuildFile; fileRef = 4DBE9E9853980E258659A219 /* Pods_Stargazer.framework */; };
		D5B96D2658476CB88906C836 /* Pods_Stargazer_StargazerUITests.framework in Frameworks */ = {isa = PBXBuildFile; fileRef = 8BDD7D7EBD5E4898ED546DA6 /* Pods_Stargazer_StargazerUITests.framework */; };
/* End PBXBuildFile section */

/* Begin PBXContainerItemProxy section */
		5FFDE8002726FBEA00A1E577 /* PBXContainerItemProxy */ = {
			isa = PBXContainerItemProxy;
			containerPortal = 5FFDE7E72726FBE800A1E577 /* Project object */;
			proxyType = 1;
			remoteGlobalIDString = 5FFDE7EE2726FBE800A1E577;
			remoteInfo = StargazerV0;
		};
		5FFDE80A2726FBEA00A1E577 /* PBXContainerItemProxy */ = {
			isa = PBXContainerItemProxy;
			containerPortal = 5FFDE7E72726FBE800A1E577 /* Project object */;
			proxyType = 1;
			remoteGlobalIDString = 5FFDE7EE2726FBE800A1E577;
			remoteInfo = StargazerV0;
		};
/* End PBXContainerItemProxy section */

/* Begin PBXFileReference section */
		0C928E11749EB10A2FC88F69 /* Pods-Stargazer.debug.xcconfig */ = {isa = PBXFileReference; includeInIndex = 1; lastKnownFileType = text.xcconfig; name = "Pods-Stargazer.debug.xcconfig"; path = "Target Support Files/Pods-Stargazer/Pods-Stargazer.debug.xcconfig"; sourceTree = "<group>"; };
		45F8FFC45BCDDCB80A0BCCA3 /* Pods-StargazerTests.debug.xcconfig */ = {isa = PBXFileReference; includeInIndex = 1; lastKnownFileType = text.xcconfig; name = "Pods-StargazerTests.debug.xcconfig"; path = "Target Support Files/Pods-StargazerTests/Pods-StargazerTests.debug.xcconfig"; sourceTree = "<group>"; };
		4DBE9E9853980E258659A219 /* Pods_Stargazer.framework */ = {isa = PBXFileReference; explicitFileType = wrapper.framework; includeInIndex = 0; path = Pods_Stargazer.framework; sourceTree = BUILT_PRODUCTS_DIR; };
		5F2C22DE27294B64003B2DC0 /* View+Extensions.swift */ = {isa = PBXFileReference; lastKnownFileType = sourcecode.swift; path = "View+Extensions.swift"; sourceTree = "<group>"; };
		5F2C22E027294CC9003B2DC0 /* StargazerViewModelTests.swift */ = {isa = PBXFileReference; lastKnownFileType = sourcecode.swift; path = StargazerViewModelTests.swift; sourceTree = "<group>"; };
		5F78EBFD2729640600CBC0DC /* MockGithubService.swift */ = {isa = PBXFileReference; lastKnownFileType = sourcecode.swift; path = MockGithubService.swift; sourceTree = "<group>"; };
		5F78EBFF2729940800CBC0DC /* GithubServicIntegrationTests.swift */ = {isa = PBXFileReference; lastKnownFileType = sourcecode.swift; path = GithubServicIntegrationTests.swift; sourceTree = "<group>"; };
		5F78EC012729B5D100CBC0DC /* StargazerListUITests.swift */ = {isa = PBXFileReference; lastKnownFileType = sourcecode.swift; path = StargazerListUITests.swift; sourceTree = "<group>"; };
		5F96062327281DAD0016160D /* StargazerViewModel.swift */ = {isa = PBXFileReference; lastKnownFileType = sourcecode.swift; path = StargazerViewModel.swift; sourceTree = "<group>"; };
		5F96062727281F940016160D /* StargazerRow.swift */ = {isa = PBXFileReference; lastKnownFileType = sourcecode.swift; path = StargazerRow.swift; sourceTree = "<group>"; };
		5F960629272823E40016160D /* StargazerList.swift */ = {isa = PBXFileReference; lastKnownFileType = sourcecode.swift; path = StargazerList.swift; sourceTree = "<group>"; };
		5FFDE7EF2726FBE800A1E577 /* Stargazer.app */ = {isa = PBXFileReference; explicitFileType = wrapper.application; includeInIndex = 0; path = Stargazer.app; sourceTree = BUILT_PRODUCTS_DIR; };
		5FFDE7F22726FBE800A1E577 /* StargazerApp.swift */ = {isa = PBXFileReference; lastKnownFileType = sourcecode.swift; path = StargazerApp.swift; sourceTree = "<group>"; };
		5FFDE7F62726FBE900A1E577 /* Assets.xcassets */ = {isa = PBXFileReference; lastKnownFileType = folder.assetcatalog; path = Assets.xcassets; sourceTree = "<group>"; };
		5FFDE7F92726FBE900A1E577 /* Preview Assets.xcassets */ = {isa = PBXFileReference; lastKnownFileType = folder.assetcatalog; path = "Preview Assets.xcassets"; sourceTree = "<group>"; };
		5FFDE7FF2726FBEA00A1E577 /* StargazerTests.xctest */ = {isa = PBXFileReference; explicitFileType = wrapper.cfbundle; includeInIndex = 0; path = StargazerTests.xctest; sourceTree = BUILT_PRODUCTS_DIR; };
		5FFDE8092726FBEA00A1E577 /* StargazerUITests.xctest */ = {isa = PBXFileReference; explicitFileType = wrapper.cfbundle; includeInIndex = 0; path = StargazerUITests.xctest; sourceTree = BUILT_PRODUCTS_DIR; };
		5FFDE81C27270DFF00A1E577 /* GithubClientTests.swift */ = {isa = PBXFileReference; lastKnownFileType = sourcecode.swift; path = GithubClientTests.swift; sourceTree = "<group>"; };
		5FFDE81F27270FB500A1E577 /* GithubService.swift */ = {isa = PBXFileReference; lastKnownFileType = sourcecode.swift; path = GithubService.swift; sourceTree = "<group>"; };
		5FFDE82427272DF500A1E577 /* Stargazer.swift */ = {isa = PBXFileReference; lastKnownFileType = sourcecode.swift; path = Stargazer.swift; sourceTree = "<group>"; };
		5FFDE82827272E9C00A1E577 /* Github.swift */ = {isa = PBXFileReference; lastKnownFileType = sourcecode.swift; path = Github.swift; sourceTree = "<group>"; };
		88BFB890E273632B4751B0A4 /* Pods-Stargazer.release.xcconfig */ = {isa = PBXFileReference; includeInIndex = 1; lastKnownFileType = text.xcconfig; name = "Pods-Stargazer.release.xcconfig"; path = "Target Support Files/Pods-Stargazer/Pods-Stargazer.release.xcconfig"; sourceTree = "<group>"; };
		88FCF13F767C2559A0C89D9A /* Pods-Stargazer-StargazerUITests.release.xcconfig */ = {isa = PBXFileReference; includeInIndex = 1; lastKnownFileType = text.xcconfig; name = "Pods-Stargazer-StargazerUITests.release.xcconfig"; path = "Target Support Files/Pods-Stargazer-StargazerUITests/Pods-Stargazer-StargazerUITests.release.xcconfig"; sourceTree = "<group>"; };
		8BDD7D7EBD5E4898ED546DA6 /* Pods_Stargazer_StargazerUITests.framework */ = {isa = PBXFileReference; explicitFileType = wrapper.framework; includeInIndex = 0; path = Pods_Stargazer_StargazerUITests.framework; sourceTree = BUILT_PRODUCTS_DIR; };
		9F7C869AE5030E168EE07E5A /* Pods_StargazerTests.framework */ = {isa = PBXFileReference; explicitFileType = wrapper.framework; includeInIndex = 0; path = Pods_StargazerTests.framework; sourceTree = BUILT_PRODUCTS_DIR; };
		D5FBAE817AB9AC0A25886CDA /* Pods-Stargazer-StargazerUITests.debug.xcconfig */ = {isa = PBXFileReference; includeInIndex = 1; lastKnownFileType = text.xcconfig; name = "Pods-Stargazer-StargazerUITests.debug.xcconfig"; path = "Target Support Files/Pods-Stargazer-StargazerUITests/Pods-Stargazer-StargazerUITests.debug.xcconfig"; sourceTree = "<group>"; };
		F8C0AB46E83745DFB00E660C /* Pods-StargazerTests.release.xcconfig */ = {isa = PBXFileReference; includeInIndex = 1; lastKnownFileType = text.xcconfig; name = "Pods-StargazerTests.release.xcconfig"; path = "Target Support Files/Pods-StargazerTests/Pods-StargazerTests.release.xcconfig"; sourceTree = "<group>"; };
/* End PBXFileReference section */

/* Begin PBXFrameworksBuildPhase section */
		5FFDE7EC2726FBE800A1E577 /* Frameworks */ = {
			isa = PBXFrameworksBuildPhase;
			buildActionMask = 2147483647;
			files = (
				C012725FDBB250B212BA34DA /* Pods_Stargazer.framework in Frameworks */,
			);
			runOnlyForDeploymentPostprocessing = 0;
		};
		5FFDE7FC2726FBEA00A1E577 /* Frameworks */ = {
			isa = PBXFrameworksBuildPhase;
			buildActionMask = 2147483647;
			files = (
				430D9BCBAF5F8650678966F3 /* Pods_StargazerTests.framework in Frameworks */,
			);
			runOnlyForDeploymentPostprocessing = 0;
		};
		5FFDE8062726FBEA00A1E577 /* Frameworks */ = {
			isa = PBXFrameworksBuildPhase;
			buildActionMask = 2147483647;
			files = (
				D5B96D2658476CB88906C836 /* Pods_Stargazer_StargazerUITests.framework in Frameworks */,
			);
			runOnlyForDeploymentPostprocessing = 0;
		};
/* End PBXFrameworksBuildPhase section */

/* Begin PBXGroup section */
		5F96062227281D660016160D /* View Models */ = {
			isa = PBXGroup;
			children = (
				5F96062327281DAD0016160D /* StargazerViewModel.swift */,
			);
			path = "View Models";
			sourceTree = "<group>";
		};
		5F96062627281F7A0016160D /* Views */ = {
			isa = PBXGroup;
			children = (
				5F96062727281F940016160D /* StargazerRow.swift */,
				5F960629272823E40016160D /* StargazerList.swift */,
				5F2C22DE27294B64003B2DC0 /* View+Extensions.swift */,
			);
			path = Views;
			sourceTree = "<group>";
		};
		5FFDE7E62726FBE800A1E577 = {
			isa = PBXGroup;
			children = (
				5FFDE7F12726FBE800A1E577 /* Stargazer */,
				5FFDE8022726FBEA00A1E577 /* StargazerTests */,
				5FFDE80C2726FBEA00A1E577 /* StargazerUITests */,
				5FFDE7F02726FBE800A1E577 /* Products */,
				844CC1AB58A26A7F03E0180D /* Pods */,
				DCD0DF24DB373946C3036312 /* Frameworks */,
			);
			sourceTree = "<group>";
		};
		5FFDE7F02726FBE800A1E577 /* Products */ = {
			isa = PBXGroup;
			children = (
				5FFDE7EF2726FBE800A1E577 /* Stargazer.app */,
				5FFDE7FF2726FBEA00A1E577 /* StargazerTests.xctest */,
				5FFDE8092726FBEA00A1E577 /* StargazerUITests.xctest */,
			);
			name = Products;
			sourceTree = "<group>";
		};
		5FFDE7F12726FBE800A1E577 /* Stargazer */ = {
			isa = PBXGroup;
			children = (
				5FFDE7F62726FBE900A1E577 /* Assets.xcassets */,
				5FFDE7F22726FBE800A1E577 /* StargazerApp.swift */,
				5F96062627281F7A0016160D /* Views */,
				5F96062227281D660016160D /* View Models */,
				5FFDE7F82726FBE900A1E577 /* Preview Content */,
				5FFDE82727272E8A00A1E577 /* Network */,
				5FFDE82327272DD300A1E577 /* Models */,
				5FFDE81E27270F9700A1E577 /* Service */,
			);
			path = Stargazer;
			sourceTree = "<group>";
		};
		5FFDE7F82726FBE900A1E577 /* Preview Content */ = {
			isa = PBXGroup;
			children = (
				5FFDE7F92726FBE900A1E577 /* Preview Assets.xcassets */,
			);
			path = "Preview Content";
			sourceTree = "<group>";
		};
		5FFDE8022726FBEA00A1E577 /* StargazerTests */ = {
			isa = PBXGroup;
			children = (
				5FFDE81C27270DFF00A1E577 /* GithubClientTests.swift */,
				5F2C22E027294CC9003B2DC0 /* StargazerViewModelTests.swift */,
				5F78EBFD2729640600CBC0DC /* MockGithubService.swift */,
				5F78EBFF2729940800CBC0DC /* GithubServicIntegrationTests.swift */,
			);
			path = StargazerTests;
			sourceTree = "<group>";
		};
		5FFDE80C2726FBEA00A1E577 /* StargazerUITests */ = {
			isa = PBXGroup;
			children = (
				5F78EC012729B5D100CBC0DC /* StargazerListUITests.swift */,
			);
			path = StargazerUITests;
			sourceTree = "<group>";
		};
		5FFDE81E27270F9700A1E577 /* Service */ = {
			isa = PBXGroup;
			children = (
				5FFDE81F27270FB500A1E577 /* GithubService.swift */,
			);
			path = Service;
			sourceTree = "<group>";
		};
		5FFDE82327272DD300A1E577 /* Models */ = {
			isa = PBXGroup;
			children = (
				5FFDE82427272DF500A1E577 /* Stargazer.swift */,
			);
			path = Models;
			sourceTree = "<group>";
		};
		5FFDE82727272E8A00A1E577 /* Network */ = {
			isa = PBXGroup;
			children = (
				5FFDE82827272E9C00A1E577 /* Github.swift */,
			);
			path = Network;
			sourceTree = "<group>";
		};
		844CC1AB58A26A7F03E0180D /* Pods */ = {
			isa = PBXGroup;
			children = (
				0C928E11749EB10A2FC88F69 /* Pods-Stargazer.debug.xcconfig */,
				88BFB890E273632B4751B0A4 /* Pods-Stargazer.release.xcconfig */,
				D5FBAE817AB9AC0A25886CDA /* Pods-Stargazer-StargazerUITests.debug.xcconfig */,
				88FCF13F767C2559A0C89D9A /* Pods-Stargazer-StargazerUITests.release.xcconfig */,
				45F8FFC45BCDDCB80A0BCCA3 /* Pods-StargazerTests.debug.xcconfig */,
				F8C0AB46E83745DFB00E660C /* Pods-StargazerTests.release.xcconfig */,
			);
			path = Pods;
			sourceTree = "<group>";
		};
		DCD0DF24DB373946C3036312 /* Frameworks */ = {
			isa = PBXGroup;
			children = (
				4DBE9E9853980E258659A219 /* Pods_Stargazer.framework */,
				8BDD7D7EBD5E4898ED546DA6 /* Pods_Stargazer_StargazerUITests.framework */,
				9F7C869AE5030E168EE07E5A /* Pods_StargazerTests.framework */,
			);
			name = Frameworks;
			sourceTree = "<group>";
		};
/* End PBXGroup section */

/* Begin PBXNativeTarget section */
		5FFDE7EE2726FBE800A1E577 /* Stargazer */ = {
			isa = PBXNativeTarget;
			buildConfigurationList = 5FFDE8132726FBEA00A1E577 /* Build configuration list for PBXNativeTarget "Stargazer" */;
			buildPhases = (
				456EF3A073BE83AB0B439C19 /* [CP] Check Pods Manifest.lock */,
				5FFDE7EB2726FBE800A1E577 /* Sources */,
				5FFDE7EC2726FBE800A1E577 /* Frameworks */,
				5FFDE7ED2726FBE800A1E577 /* Resources */,
				006A023B571821B39A837430 /* [CP] Embed Pods Frameworks */,
			);
			buildRules = (
			);
			dependencies = (
			);
			name = Stargazer;
			productName = StargazerV0;
			productReference = 5FFDE7EF2726FBE800A1E577 /* Stargazer.app */;
			productType = "com.apple.product-type.application";
		};
		5FFDE7FE2726FBEA00A1E577 /* StargazerTests */ = {
			isa = PBXNativeTarget;
			buildConfigurationList = 5FFDE8162726FBEA00A1E577 /* Build configuration list for PBXNativeTarget "StargazerTests" */;
			buildPhases = (
				F0530D3CF1DA9E465D3C914D /* [CP] Check Pods Manifest.lock */,
				5FFDE7FB2726FBEA00A1E577 /* Sources */,
				5FFDE7FC2726FBEA00A1E577 /* Frameworks */,
				5FFDE7FD2726FBEA00A1E577 /* Resources */,
			);
			buildRules = (
			);
			dependencies = (
				5FFDE8012726FBEA00A1E577 /* PBXTargetDependency */,
			);
			name = StargazerTests;
			productName = StargazerV0Tests;
			productReference = 5FFDE7FF2726FBEA00A1E577 /* StargazerTests.xctest */;
			productType = "com.apple.product-type.bundle.unit-test";
		};
		5FFDE8082726FBEA00A1E577 /* StargazerUITests */ = {
			isa = PBXNativeTarget;
			buildConfigurationList = 5FFDE8192726FBEA00A1E577 /* Build configuration list for PBXNativeTarget "StargazerUITests" */;
			buildPhases = (
				B3ACDFD73AA275B10C17E4AA /* [CP] Check Pods Manifest.lock */,
				5FFDE8052726FBEA00A1E577 /* Sources */,
				5FFDE8062726FBEA00A1E577 /* Frameworks */,
				5FFDE8072726FBEA00A1E577 /* Resources */,
				F797FC69C128B2D800B5D903 /* [CP] Embed Pods Frameworks */,
			);
			buildRules = (
			);
			dependencies = (
				5FFDE80B2726FBEA00A1E577 /* PBXTargetDependency */,
			);
			name = StargazerUITests;
			productName = StargazerV0UITests;
			productReference = 5FFDE8092726FBEA00A1E577 /* StargazerUITests.xctest */;
			productType = "com.apple.product-type.bundle.ui-testing";
		};
/* End PBXNativeTarget section */

/* Begin PBXProject section */
		5FFDE7E72726FBE800A1E577 /* Project object */ = {
			isa = PBXProject;
			attributes = {
				BuildIndependentTargetsInParallel = 1;
				LastSwiftUpdateCheck = 1300;
				LastUpgradeCheck = 1300;
				TargetAttributes = {
					5FFDE7EE2726FBE800A1E577 = {
						CreatedOnToolsVersion = 13.0;
					};
					5FFDE7FE2726FBEA00A1E577 = {
						CreatedOnToolsVersion = 13.0;
						TestTargetID = 5FFDE7EE2726FBE800A1E577;
					};
					5FFDE8082726FBEA00A1E577 = {
						CreatedOnToolsVersion = 13.0;
						LastSwiftMigration = 1300;
						TestTargetID = 5FFDE7EE2726FBE800A1E577;
					};
				};
			};
			buildConfigurationList = 5FFDE7EA2726FBE800A1E577 /* Build configuration list for PBXProject "Stargazer" */;
			compatibilityVersion = "Xcode 13.0";
			developmentRegion = en;
			hasScannedForEncodings = 0;
			knownRegions = (
				en,
				Base,
			);
			mainGroup = 5FFDE7E62726FBE800A1E577;
			productRefGroup = 5FFDE7F02726FBE800A1E577 /* Products */;
			projectDirPath = "";
			projectRoot = "";
			targets = (
				5FFDE7EE2726FBE800A1E577 /* Stargazer */,
				5FFDE7FE2726FBEA00A1E577 /* StargazerTests */,
				5FFDE8082726FBEA00A1E577 /* StargazerUITests */,
			);
		};
/* End PBXProject section */

/* Begin PBXResourcesBuildPhase section */
		5FFDE7ED2726FBE800A1E577 /* Resources */ = {
			isa = PBXResourcesBuildPhase;
			buildActionMask = 2147483647;
			files = (
				5FFDE7FA2726FBE900A1E577 /* Preview Assets.xcassets in Resources */,
				5FFDE7F72726FBE900A1E577 /* Assets.xcassets in Resources */,
			);
			runOnlyForDeploymentPostprocessing = 0;
		};
		5FFDE7FD2726FBEA00A1E577 /* Resources */ = {
			isa = PBXResourcesBuildPhase;
			buildActionMask = 2147483647;
			files = (
			);
			runOnlyForDeploymentPostprocessing = 0;
		};
		5FFDE8072726FBEA00A1E577 /* Resources */ = {
			isa = PBXResourcesBuildPhase;
			buildActionMask = 2147483647;
			files = (
			);
			runOnlyForDeploymentPostprocessing = 0;
		};
/* End PBXResourcesBuildPhase section */

/* Begin PBXShellScriptBuildPhase section */
		006A023B571821B39A837430 /* [CP] Embed Pods Frameworks */ = {
			isa = PBXShellScriptBuildPhase;
			buildActionMask = 2147483647;
			files = (
			);
			inputFileListPaths = (
				"${PODS_ROOT}/Target Support Files/Pods-Stargazer/Pods-Stargazer-frameworks-${CONFIGURATION}-input-files.xcfilelist",
			);
			name = "[CP] Embed Pods Frameworks";
			outputFileListPaths = (
				"${PODS_ROOT}/Target Support Files/Pods-Stargazer/Pods-Stargazer-frameworks-${CONFIGURATION}-output-files.xcfilelist",
			);
			runOnlyForDeploymentPostprocessing = 0;
			shellPath = /bin/sh;
			shellScript = "\"${PODS_ROOT}/Target Support Files/Pods-Stargazer/Pods-Stargazer-frameworks.sh\"\n";
			showEnvVarsInLog = 0;
		};
		456EF3A073BE83AB0B439C19 /* [CP] Check Pods Manifest.lock */ = {
			isa = PBXShellScriptBuildPhase;
			buildActionMask = 2147483647;
			files = (
			);
			inputFileListPaths = (
			);
			inputPaths = (
				"${PODS_PODFILE_DIR_PATH}/Podfile.lock",
				"${PODS_ROOT}/Manifest.lock",
			);
			name = "[CP] Check Pods Manifest.lock";
			outputFileListPaths = (
			);
			outputPaths = (
				"$(DERIVED_FILE_DIR)/Pods-Stargazer-checkManifestLockResult.txt",
			);
			runOnlyForDeploymentPostprocessing = 0;
			shellPath = /bin/sh;
			shellScript = "diff \"${PODS_PODFILE_DIR_PATH}/Podfile.lock\" \"${PODS_ROOT}/Manifest.lock\" > /dev/null\nif [ $? != 0 ] ; then\n    # print error to STDERR\n    echo \"error: The sandbox is not in sync with the Podfile.lock. Run 'pod install' or update your CocoaPods installation.\" >&2\n    exit 1\nfi\n# This output is used by Xcode 'outputs' to avoid re-running this script phase.\necho \"SUCCESS\" > \"${SCRIPT_OUTPUT_FILE_0}\"\n";
			showEnvVarsInLog = 0;
		};
		B3ACDFD73AA275B10C17E4AA /* [CP] Check Pods Manifest.lock */ = {
			isa = PBXShellScriptBuildPhase;
			buildActionMask = 2147483647;
			files = (
			);
			inputFileListPaths = (
			);
			inputPaths = (
				"${PODS_PODFILE_DIR_PATH}/Podfile.lock",
				"${PODS_ROOT}/Manifest.lock",
			);
			name = "[CP] Check Pods Manifest.lock";
			outputFileListPaths = (
			);
			outputPaths = (
				"$(DERIVED_FILE_DIR)/Pods-Stargazer-StargazerUITests-checkManifestLockResult.txt",
			);
			runOnlyForDeploymentPostprocessing = 0;
			shellPath = /bin/sh;
			shellScript = "diff \"${PODS_PODFILE_DIR_PATH}/Podfile.lock\" \"${PODS_ROOT}/Manifest.lock\" > /dev/null\nif [ $? != 0 ] ; then\n    # print error to STDERR\n    echo \"error: The sandbox is not in sync with the Podfile.lock. Run 'pod install' or update your CocoaPods installation.\" >&2\n    exit 1\nfi\n# This output is used by Xcode 'outputs' to avoid re-running this script phase.\necho \"SUCCESS\" > \"${SCRIPT_OUTPUT_FILE_0}\"\n";
			showEnvVarsInLog = 0;
		};
		F0530D3CF1DA9E465D3C914D /* [CP] Check Pods Manifest.lock */ = {
			isa = PBXShellScriptBuildPhase;
			buildActionMask = 2147483647;
			files = (
			);
			inputFileListPaths = (
			);
			inputPaths = (
				"${PODS_PODFILE_DIR_PATH}/Podfile.lock",
				"${PODS_ROOT}/Manifest.lock",
			);
			name = "[CP] Check Pods Manifest.lock";
			outputFileListPaths = (
			);
			outputPaths = (
				"$(DERIVED_FILE_DIR)/Pods-StargazerTests-checkManifestLockResult.txt",
			);
			runOnlyForDeploymentPostprocessing = 0;
			shellPath = /bin/sh;
			shellScript = "diff \"${PODS_PODFILE_DIR_PATH}/Podfile.lock\" \"${PODS_ROOT}/Manifest.lock\" > /dev/null\nif [ $? != 0 ] ; then\n    # print error to STDERR\n    echo \"error: The sandbox is not in sync with the Podfile.lock. Run 'pod install' or update your CocoaPods installation.\" >&2\n    exit 1\nfi\n# This output is used by Xcode 'outputs' to avoid re-running this script phase.\necho \"SUCCESS\" > \"${SCRIPT_OUTPUT_FILE_0}\"\n";
			showEnvVarsInLog = 0;
		};
		F797FC69C128B2D800B5D903 /* [CP] Embed Pods Frameworks */ = {
			isa = PBXShellScriptBuildPhase;
			buildActionMask = 2147483647;
			files = (
			);
			inputFileListPaths = (
				"${PODS_ROOT}/Target Support Files/Pods-Stargazer-StargazerUITests/Pods-Stargazer-StargazerUITests-frameworks-${CONFIGURATION}-input-files.xcfilelist",
			);
			name = "[CP] Embed Pods Frameworks";
			outputFileListPaths = (
				"${PODS_ROOT}/Target Support Files/Pods-Stargazer-StargazerUITests/Pods-Stargazer-StargazerUITests-frameworks-${CONFIGURATION}-output-files.xcfilelist",
			);
			runOnlyForDeploymentPostprocessing = 0;
			shellPath = /bin/sh;
			shellScript = "\"${PODS_ROOT}/Target Support Files/Pods-Stargazer-StargazerUITests/Pods-Stargazer-StargazerUITests-frameworks.sh\"\n";
			showEnvVarsInLog = 0;
		};
/* End PBXShellScriptBuildPhase section */

/* Begin PBXSourcesBuildPhase section */
		5FFDE7EB2726FBE800A1E577 /* Sources */ = {
			isa = PBXSourcesBuildPhase;
			buildActionMask = 2147483647;
			files = (
				5FFDE82027270FB500A1E577 /* GithubService.swift in Sources */,
				5FFDE82527272DF500A1E577 /* Stargazer.swift in Sources */,
				5F96062427281DAD0016160D /* StargazerViewModel.swift in Sources */,
				5F96062827281F940016160D /* StargazerRow.swift in Sources */,
				5FFDE82927272E9C00A1E577 /* Github.swift in Sources */,
				5F96062A272823E40016160D /* StargazerList.swift in Sources */,
				5F2C22DF27294B64003B2DC0 /* View+Extensions.swift in Sources */,
				5FFDE7F32726FBE800A1E577 /* StargazerApp.swift in Sources */,
			);
			runOnlyForDeploymentPostprocessing = 0;
		};
		5FFDE7FB2726FBEA00A1E577 /* Sources */ = {
			isa = PBXSourcesBuildPhase;
			buildActionMask = 2147483647;
			files = (
				5F2C22E127294CC9003B2DC0 /* StargazerViewModelTests.swift in Sources */,
				5F96062527281DAD0016160D /* StargazerViewModel.swift in Sources */,
				5FFDE82627272DF500A1E577 /* Stargazer.swift in Sources */,
				5FFDE81D27270DFF00A1E577 /* GithubClientTests.swift in Sources */,
				5FFDE82A27272E9C00A1E577 /* Github.swift in Sources */,
				5FFDE821272725F700A1E577 /* GithubService.swift in Sources */,
				5F78EBFE2729640600CBC0DC /* MockGithubService.swift in Sources */,
				5F78EC002729940800CBC0DC /* GithubServicIntegrationTests.swift in Sources */,
			);
			runOnlyForDeploymentPostprocessing = 0;
		};
		5FFDE8052726FBEA00A1E577 /* Sources */ = {
			isa = PBXSourcesBuildPhase;
			buildActionMask = 2147483647;
			files = (
				5F78EC022729B5D100CBC0DC /* StargazerListUITests.swift in Sources */,
			);
			runOnlyForDeploymentPostprocessing = 0;
		};
/* End PBXSourcesBuildPhase section */

/* Begin PBXTargetDependency section */
		5FFDE8012726FBEA00A1E577 /* PBXTargetDependency */ = {
			isa = PBXTargetDependency;
			target = 5FFDE7EE2726FBE800A1E577 /* Stargazer */;
			targetProxy = 5FFDE8002726FBEA00A1E577 /* PBXContainerItemProxy */;
		};
		5FFDE80B2726FBEA00A1E577 /* PBXTargetDependency */ = {
			isa = PBXTargetDependency;
			target = 5FFDE7EE2726FBE800A1E577 /* Stargazer */;
			targetProxy = 5FFDE80A2726FBEA00A1E577 /* PBXContainerItemProxy */;
		};
/* End PBXTargetDependency section */

/* Begin XCBuildConfiguration section */
		5FFDE8112726FBEA00A1E577 /* Debug */ = {
			isa = XCBuildConfiguration;
			buildSettings = {
				ALWAYS_SEARCH_USER_PATHS = NO;
				CLANG_ANALYZER_NONNULL = YES;
				CLANG_ANALYZER_NUMBER_OBJECT_CONVERSION = YES_AGGRESSIVE;
				CLANG_CXX_LANGUAGE_STANDARD = "gnu++17";
				CLANG_CXX_LIBRARY = "libc++";
				CLANG_ENABLE_MODULES = YES;
				CLANG_ENABLE_OBJC_ARC = YES;
				CLANG_ENABLE_OBJC_WEAK = YES;
				CLANG_WARN_BLOCK_CAPTURE_AUTORELEASING = YES;
				CLANG_WARN_BOOL_CONVERSION = YES;
				CLANG_WARN_COMMA = YES;
				CLANG_WARN_CONSTANT_CONVERSION = YES;
				CLANG_WARN_DEPRECATED_OBJC_IMPLEMENTATIONS = YES;
				CLANG_WARN_DIRECT_OBJC_ISA_USAGE = YES_ERROR;
				CLANG_WARN_DOCUMENTATION_COMMENTS = YES;
				CLANG_WARN_EMPTY_BODY = YES;
				CLANG_WARN_ENUM_CONVERSION = YES;
				CLANG_WARN_INFINITE_RECURSION = YES;
				CLANG_WARN_INT_CONVERSION = YES;
				CLANG_WARN_NON_LITERAL_NULL_CONVERSION = YES;
				CLANG_WARN_OBJC_IMPLICIT_RETAIN_SELF = YES;
				CLANG_WARN_OBJC_LITERAL_CONVERSION = YES;
				CLANG_WARN_OBJC_ROOT_CLASS = YES_ERROR;
				CLANG_WARN_QUOTED_INCLUDE_IN_FRAMEWORK_HEADER = YES;
				CLANG_WARN_RANGE_LOOP_ANALYSIS = YES;
				CLANG_WARN_STRICT_PROTOTYPES = YES;
				CLANG_WARN_SUSPICIOUS_MOVE = YES;
				CLANG_WARN_UNGUARDED_AVAILABILITY = YES_AGGRESSIVE;
				CLANG_WARN_UNREACHABLE_CODE = YES;
				CLANG_WARN__DUPLICATE_METHOD_MATCH = YES;
				COPY_PHASE_STRIP = NO;
				DEBUG_INFORMATION_FORMAT = dwarf;
				ENABLE_STRICT_OBJC_MSGSEND = YES;
				ENABLE_TESTABILITY = YES;
				GCC_C_LANGUAGE_STANDARD = gnu11;
				GCC_DYNAMIC_NO_PIC = NO;
				GCC_NO_COMMON_BLOCKS = YES;
				GCC_OPTIMIZATION_LEVEL = 0;
				GCC_PREPROCESSOR_DEFINITIONS = (
					"DEBUG=1",
					"$(inherited)",
				);
				GCC_WARN_64_TO_32_BIT_CONVERSION = YES;
				GCC_WARN_ABOUT_RETURN_TYPE = YES_ERROR;
				GCC_WARN_UNDECLARED_SELECTOR = YES;
				GCC_WARN_UNINITIALIZED_AUTOS = YES_AGGRESSIVE;
				GCC_WARN_UNUSED_FUNCTION = YES;
				GCC_WARN_UNUSED_VARIABLE = YES;
				IPHONEOS_DEPLOYMENT_TARGET = 15.0;
				MTL_ENABLE_DEBUG_INFO = INCLUDE_SOURCE;
				MTL_FAST_MATH = YES;
				ONLY_ACTIVE_ARCH = YES;
				SDKROOT = iphoneos;
				SWIFT_ACTIVE_COMPILATION_CONDITIONS = DEBUG;
				SWIFT_OPTIMIZATION_LEVEL = "-Onone";
			};
			name = Debug;
		};
		5FFDE8122726FBEA00A1E577 /* Release */ = {
			isa = XCBuildConfiguration;
			buildSettings = {
				ALWAYS_SEARCH_USER_PATHS = NO;
				CLANG_ANALYZER_NONNULL = YES;
				CLANG_ANALYZER_NUMBER_OBJECT_CONVERSION = YES_AGGRESSIVE;
				CLANG_CXX_LANGUAGE_STANDARD = "gnu++17";
				CLANG_CXX_LIBRARY = "libc++";
				CLANG_ENABLE_MODULES = YES;
				CLANG_ENABLE_OBJC_ARC = YES;
				CLANG_ENABLE_OBJC_WEAK = YES;
				CLANG_WARN_BLOCK_CAPTURE_AUTORELEASING = YES;
				CLANG_WARN_BOOL_CONVERSION = YES;
				CLANG_WARN_COMMA = YES;
				CLANG_WARN_CONSTANT_CONVERSION = YES;
				CLANG_WARN_DEPRECATED_OBJC_IMPLEMENTATIONS = YES;
				CLANG_WARN_DIRECT_OBJC_ISA_USAGE = YES_ERROR;
				CLANG_WARN_DOCUMENTATION_COMMENTS = YES;
				CLANG_WARN_EMPTY_BODY = YES;
				CLANG_WARN_ENUM_CONVERSION = YES;
				CLANG_WARN_INFINITE_RECURSION = YES;
				CLANG_WARN_INT_CONVERSION = YES;
				CLANG_WARN_NON_LITERAL_NULL_CONVERSION = YES;
				CLANG_WARN_OBJC_IMPLICIT_RETAIN_SELF = YES;
				CLANG_WARN_OBJC_LITERAL_CONVERSION = YES;
				CLANG_WARN_OBJC_ROOT_CLASS = YES_ERROR;
				CLANG_WARN_QUOTED_INCLUDE_IN_FRAMEWORK_HEADER = YES;
				CLANG_WARN_RANGE_LOOP_ANALYSIS = YES;
				CLANG_WARN_STRICT_PROTOTYPES = YES;
				CLANG_WARN_SUSPICIOUS_MOVE = YES;
				CLANG_WARN_UNGUARDED_AVAILABILITY = YES_AGGRESSIVE;
				CLANG_WARN_UNREACHABLE_CODE = YES;
				CLANG_WARN__DUPLICATE_METHOD_MATCH = YES;
				COPY_PHASE_STRIP = NO;
				DEBUG_INFORMATION_FORMAT = "dwarf-with-dsym";
				ENABLE_NS_ASSERTIONS = NO;
				ENABLE_STRICT_OBJC_MSGSEND = YES;
				GCC_C_LANGUAGE_STANDARD = gnu11;
				GCC_NO_COMMON_BLOCKS = YES;
				GCC_WARN_64_TO_32_BIT_CONVERSION = YES;
				GCC_WARN_ABOUT_RETURN_TYPE = YES_ERROR;
				GCC_WARN_UNDECLARED_SELECTOR = YES;
				GCC_WARN_UNINITIALIZED_AUTOS = YES_AGGRESSIVE;
				GCC_WARN_UNUSED_FUNCTION = YES;
				GCC_WARN_UNUSED_VARIABLE = YES;
				IPHONEOS_DEPLOYMENT_TARGET = 15.0;
				MTL_ENABLE_DEBUG_INFO = NO;
				MTL_FAST_MATH = YES;
				SDKROOT = iphoneos;
				SWIFT_COMPILATION_MODE = wholemodule;
				SWIFT_OPTIMIZATION_LEVEL = "-O";
				VALIDATE_PRODUCT = YES;
			};
			name = Release;
		};
		5FFDE8142726FBEA00A1E577 /* Debug */ = {
			isa = XCBuildConfiguration;
			baseConfigurationReference = 0C928E11749EB10A2FC88F69 /* Pods-Stargazer.debug.xcconfig */;
			buildSettings = {
				ASSETCATALOG_COMPILER_APPICON_NAME = AppIcon;
				ASSETCATALOG_COMPILER_GLOBAL_ACCENT_COLOR_NAME = AccentColor;
				CODE_SIGN_STYLE = Automatic;
				CURRENT_PROJECT_VERSION = 1;
				DEVELOPMENT_ASSET_PATHS = "\"Stargazer/Preview Content\"";
				DEVELOPMENT_TEAM = "";
				ENABLE_PREVIEWS = YES;
				GENERATE_INFOPLIST_FILE = YES;
				INFOPLIST_KEY_UIApplicationSceneManifest_Generation = YES;
				INFOPLIST_KEY_UIApplicationSupportsIndirectInputEvents = YES;
				INFOPLIST_KEY_UILaunchScreen_Generation = YES;
				INFOPLIST_KEY_UISupportedInterfaceOrientations_iPad = "UIInterfaceOrientationPortrait UIInterfaceOrientationPortraitUpsideDown UIInterfaceOrientationLandscapeLeft UIInterfaceOrientationLandscapeRight";
				INFOPLIST_KEY_UISupportedInterfaceOrientations_iPhone = "UIInterfaceOrientationPortrait UIInterfaceOrientationLandscapeLeft UIInterfaceOrientationLandscapeRight";
				IPHONEOS_DEPLOYMENT_TARGET = 14.0;
				LD_RUNPATH_SEARCH_PATHS = (
					"$(inherited)",
					"@executable_path/Frameworks",
				);
				MARKETING_VERSION = 1.0;
				PRODUCT_BUNDLE_IDENTIFIER = nicolamargoni.Stargazer;
				PRODUCT_NAME = Stargazer;
				SWIFT_EMIT_LOC_STRINGS = YES;
				SWIFT_VERSION = 5.0;
				TARGETED_DEVICE_FAMILY = "1,2";
			};
			name = Debug;
		};
		5FFDE8152726FBEA00A1E577 /* Release */ = {
			isa = XCBuildConfiguration;
			baseConfigurationReference = 88BFB890E273632B4751B0A4 /* Pods-Stargazer.release.xcconfig */;
			buildSettings = {
				ASSETCATALOG_COMPILER_APPICON_NAME = AppIcon;
				ASSETCATALOG_COMPILER_GLOBAL_ACCENT_COLOR_NAME = AccentColor;
				CODE_SIGN_STYLE = Automatic;
				CURRENT_PROJECT_VERSION = 1;
				DEVELOPMENT_ASSET_PATHS = "\"Stargazer/Preview Content\"";
				DEVELOPMENT_TEAM = "";
				ENABLE_PREVIEWS = YES;
				GENERATE_INFOPLIST_FILE = YES;
				INFOPLIST_KEY_UIApplicationSceneManifest_Generation = YES;
				INFOPLIST_KEY_UIApplicationSupportsIndirectInputEvents = YES;
				INFOPLIST_KEY_UILaunchScreen_Generation = YES;
				INFOPLIST_KEY_UISupportedInterfaceOrientations_iPad = "UIInterfaceOrientationPortrait UIInterfaceOrientationPortraitUpsideDown UIInterfaceOrientationLandscapeLeft UIInterfaceOrientationLandscapeRight";
				INFOPLIST_KEY_UISupportedInterfaceOrientations_iPhone = "UIInterfaceOrientationPortrait UIInterfaceOrientationLandscapeLeft UIInterfaceOrientationLandscapeRight";
				IPHONEOS_DEPLOYMENT_TARGET = 14.0;
				LD_RUNPATH_SEARCH_PATHS = (
					"$(inherited)",
					"@executable_path/Frameworks",
				);
				MARKETING_VERSION = 1.0;
				PRODUCT_BUNDLE_IDENTIFIER = nicolamargoni.Stargazer;
				PRODUCT_NAME = Stargazer;
				SWIFT_EMIT_LOC_STRINGS = YES;
				SWIFT_VERSION = 5.0;
				TARGETED_DEVICE_FAMILY = "1,2";
			};
			name = Release;
		};
		5FFDE8172726FBEA00A1E577 /* Debug */ = {
			isa = XCBuildConfiguration;
			baseConfigurationReference = 45F8FFC45BCDDCB80A0BCCA3 /* Pods-StargazerTests.debug.xcconfig */;
			buildSettings = {
				ALWAYS_EMBED_SWIFT_STANDARD_LIBRARIES = "$(inherited)";
				BUNDLE_LOADER = "$(TEST_HOST)";
				CODE_SIGN_STYLE = Automatic;
				CURRENT_PROJECT_VERSION = 1;
				GENERATE_INFOPLIST_FILE = YES;
				IPHONEOS_DEPLOYMENT_TARGET = 14.0;
				LD_RUNPATH_SEARCH_PATHS = (
					"$(inherited)",
					"@executable_path/Frameworks",
					"@loader_path/Frameworks",
				);
				MARKETING_VERSION = 1.0;
				PRODUCT_BUNDLE_IDENTIFIER = me.StargazerV0Tests;
				PRODUCT_NAME = "$(TARGET_NAME)";
				SWIFT_EMIT_LOC_STRINGS = NO;
				SWIFT_VERSION = 5.0;
				TARGETED_DEVICE_FAMILY = "1,2";
				TEST_HOST = "$(BUILT_PRODUCTS_DIR)/Stargazer.app/Stargazer";
			};
			name = Debug;
		};
		5FFDE8182726FBEA00A1E577 /* Release */ = {
			isa = XCBuildConfiguration;
			baseConfigurationReference = F8C0AB46E83745DFB00E660C /* Pods-StargazerTests.release.xcconfig */;
			buildSettings = {
				ALWAYS_EMBED_SWIFT_STANDARD_LIBRARIES = "$(inherited)";
				BUNDLE_LOADER = "$(TEST_HOST)";
				CODE_SIGN_STYLE = Automatic;
				CURRENT_PROJECT_VERSION = 1;
				GENERATE_INFOPLIST_FILE = YES;
				IPHONEOS_DEPLOYMENT_TARGET = 14.0;
				LD_RUNPATH_SEARCH_PATHS = (
					"$(inherited)",
					"@executable_path/Frameworks",
					"@loader_path/Frameworks",
				);
				MARKETING_VERSION = 1.0;
				PRODUCT_BUNDLE_IDENTIFIER = me.StargazerV0Tests;
				PRODUCT_NAME = "$(TARGET_NAME)";
				SWIFT_EMIT_LOC_STRINGS = NO;
				SWIFT_VERSION = 5.0;
				TARGETED_DEVICE_FAMILY = "1,2";
				TEST_HOST = "$(BUILT_PRODUCTS_DIR)/Stargazer.app/Stargazer";
			};
			name = Release;
		};
		5FFDE81A2726FBEA00A1E577 /* Debug */ = {
			isa = XCBuildConfiguration;
			baseConfigurationReference = D5FBAE817AB9AC0A25886CDA /* Pods-Stargazer-StargazerUITests.debug.xcconfig */;
			buildSettings = {
				ALWAYS_EMBED_SWIFT_STANDARD_LIBRARIES = "$(inherited)";
				CLANG_ENABLE_MODULES = YES;
				CODE_SIGN_STYLE = Automatic;
				CURRENT_PROJECT_VERSION = 1;
				GENERATE_INFOPLIST_FILE = YES;
				LD_RUNPATH_SEARCH_PATHS = (
					"$(inherited)",
					"@executable_path/Frameworks",
					"@loader_path/Frameworks",
				);
				MARKETING_VERSION = 1.0;
				PRODUCT_BUNDLE_IDENTIFIER = me.StargazerV0UITests;
				PRODUCT_NAME = "$(TARGET_NAME)";
				PROVISIONING_PROFILE = "";
				SWIFT_EMIT_LOC_STRINGS = NO;
				SWIFT_OPTIMIZATION_LEVEL = "-Onone";
				SWIFT_VERSION = 5.0;
				TARGETED_DEVICE_FAMILY = "1,2";
				TEST_TARGET_NAME = Stargazer;
			};
			name = Debug;
		};
		5FFDE81B2726FBEA00A1E577 /* Release */ = {
			isa = XCBuildConfiguration;
			baseConfigurationReference = 88FCF13F767C2559A0C89D9A /* Pods-Stargazer-StargazerUITests.release.xcconfig */;
			buildSettings = {
				ALWAYS_EMBED_SWIFT_STANDARD_LIBRARIES = "$(inherited)";
				CLANG_ENABLE_MODULES = YES;
				CODE_SIGN_STYLE = Automatic;
				CURRENT_PROJECT_VERSION = 1;
				GENERATE_INFOPLIST_FILE = YES;
				LD_RUNPATH_SEARCH_PATHS = (
					"$(inherited)",
					"@executable_path/Frameworks",
					"@loader_path/Frameworks",
				);
				MARKETING_VERSION = 1.0;
				PRODUCT_BUNDLE_IDENTIFIER = me.StargazerV0UITests;
				PRODUCT_NAME = "$(TARGET_NAME)";
				PROVISIONING_PROFILE = "";
				SWIFT_EMIT_LOC_STRINGS = NO;
				SWIFT_VERSION = 5.0;
				TARGETED_DEVICE_FAMILY = "1,2";
				TEST_TARGET_NAME = Stargazer;
			};
			name = Release;
		};
/* End XCBuildConfiguration section */

/* Begin XCConfigurationList section */
		5FFDE7EA2726FBE800A1E577 /* Build configuration list for PBXProject "Stargazer" */ = {
			isa = XCConfigurationList;
			buildConfigurations = (
				5FFDE8112726FBEA00A1E577 /* Debug */,
				5FFDE8122726FBEA00A1E577 /* Release */,
			);
			defaultConfigurationIsVisible = 0;
			defaultConfigurationName = Release;
		};
		5FFDE8132726FBEA00A1E577 /* Build configuration list for PBXNativeTarget "Stargazer" */ = {
			isa = XCConfigurationList;
			buildConfigurations = (
				5FFDE8142726FBEA00A1E577 /* Debug */,
				5FFDE8152726FBEA00A1E577 /* Release */,
			);
			defaultConfigurationIsVisible = 0;
			defaultConfigurationName = Release;
		};
		5FFDE8162726FBEA00A1E577 /* Build configuration list for PBXNativeTarget "StargazerTests" */ = {
			isa = XCConfigurationList;
			buildConfigurations = (
				5FFDE8172726FBEA00A1E577 /* Debug */,
				5FFDE8182726FBEA00A1E577 /* Release */,
			);
			defaultConfigurationIsVisible = 0;
			defaultConfigurationName = Release;
		};
		5FFDE8192726FBEA00A1E577 /* Build configuration list for PBXNativeTarget "StargazerUITests" */ = {
			isa = XCConfigurationList;
			buildConfigurations = (
				5FFDE81A2726FBEA00A1E577 /* Debug */,
				5FFDE81B2726FBEA00A1E577 /* Release */,
			);
			defaultConfigurationIsVisible = 0;
			defaultConfigurationName = Release;
		};
/* End XCConfigurationList section */
	};
	rootObject = 5FFDE7E72726FBE800A1E577 /* Project object */;
}
