// !$*UTF8*$!
{
	archiveVersion = 1;
	classes = {
	};
	objectVersion = 55;
	objects = {

/* Begin PBXBuildFile section */
		5FFDE7F32726FBE800A1E577 /* StargazerV0App.swift in Sources */ = {isa = PBXBuildFile; fileRef = 5FFDE7F22726FBE800A1E577 /* StargazerV0App.swift */; };
		5FFDE7F52726FBE800A1E577 /* ContentView.swift in Sources */ = {isa = PBXBuildFile; fileRef = 5FFDE7F42726FBE800A1E577 /* ContentView.swift */; };
		5FFDE7F72726FBE900A1E577 /* Assets.xcassets in Resources */ = {isa = PBXBuildFile; fileRef = 5FFDE7F62726FBE900A1E577 /* Assets.xcassets */; };
		5FFDE7FA2726FBE900A1E577 /* Preview Assets.xcassets in Resources */ = {isa = PBXBuildFile; fileRef = 5FFDE7F92726FBE900A1E577 /* Preview Assets.xcassets */; };
		5FFDE8042726FBEA00A1E577 /* StargazerV0Tests.swift in Sources */ = {isa = PBXBuildFile; fileRef = 5FFDE8032726FBEA00A1E577 /* StargazerV0Tests.swift */; };
		5FFDE80E2726FBEA00A1E577 /* StargazerV0UITests.swift in Sources */ = {isa = PBXBuildFile; fileRef = 5FFDE80D2726FBEA00A1E577 /* StargazerV0UITests.swift */; };
		5FFDE8102726FBEA00A1E577 /* StargazerV0UITestsLaunchTests.swift in Sources */ = {isa = PBXBuildFile; fileRef = 5FFDE80F2726FBEA00A1E577 /* StargazerV0UITestsLaunchTests.swift */; };
/* End PBXBuildFile section */

/* Begin PBXContainerItemProxy section */
		5FFDE8002726FBEA00A1E577 /* PBXContainerItemProxy */ = {
			isa = PBXContainerItemProxy;
			containerPortal = 5FFDE7E72726FBE800A1E577 /* Project object */;
			proxyType = 1;
			remoteGlobalIDString = 5FFDE7EE2726FBE800A1E577;
			remoteInfo = StargazerV0;
		};
		5FFDE80A2726FBEA00A1E577 /* PBXContainerItemProxy */ = {
			isa = PBXContainerItemProxy;
			containerPortal = 5FFDE7E72726FBE800A1E577 /* Project object */;
			proxyType = 1;
			remoteGlobalIDString = 5FFDE7EE2726FBE800A1E577;
			remoteInfo = StargazerV0;
		};
/* End PBXContainerItemProxy section */

/* Begin PBXFileReference section */
		5FFDE7EF2726FBE800A1E577 /* StargazerV0.app */ = {isa = PBXFileReference; explicitFileType = wrapper.application; includeInIndex = 0; path = StargazerV0.app; sourceTree = BUILT_PRODUCTS_DIR; };
		5FFDE7F22726FBE800A1E577 /* StargazerV0App.swift */ = {isa = PBXFileReference; lastKnownFileType = sourcecode.swift; path = StargazerV0App.swift; sourceTree = "<group>"; };
		5FFDE7F42726FBE800A1E577 /* ContentView.swift */ = {isa = PBXFileReference; lastKnownFileType = sourcecode.swift; path = ContentView.swift; sourceTree = "<group>"; };
		5FFDE7F62726FBE900A1E577 /* Assets.xcassets */ = {isa = PBXFileReference; lastKnownFileType = folder.assetcatalog; path = Assets.xcassets; sourceTree = "<group>"; };
		5FFDE7F92726FBE900A1E577 /* Preview Assets.xcassets */ = {isa = PBXFileReference; lastKnownFileType = folder.assetcatalog; path = "Preview Assets.xcassets"; sourceTree = "<group>"; };
		5FFDE7FF2726FBEA00A1E577 /* StargazerV0Tests.xctest */ = {isa = PBXFileReference; explicitFileType = wrapper.cfbundle; includeInIndex = 0; path = StargazerV0Tests.xctest; sourceTree = BUILT_PRODUCTS_DIR; };
		5FFDE8032726FBEA00A1E577 /* StargazerV0Tests.swift */ = {isa = PBXFileReference; lastKnownFileType = sourcecode.swift; path = StargazerV0Tests.swift; sourceTree = "<group>"; };
		5FFDE8092726FBEA00A1E577 /* StargazerV0UITests.xctest */ = {isa = PBXFileReference; explicitFileType = wrapper.cfbundle; includeInIndex = 0; path = StargazerV0UITests.xctest; sourceTree = BUILT_PRODUCTS_DIR; };
		5FFDE80D2726FBEA00A1E577 /* StargazerV0UITests.swift */ = {isa = PBXFileReference; lastKnownFileType = sourcecode.swift; path = StargazerV0UITests.swift; sourceTree = "<group>"; };
		5FFDE80F2726FBEA00A1E577 /* StargazerV0UITestsLaunchTests.swift */ = {isa = PBXFileReference; lastKnownFileType = sourcecode.swift; path = StargazerV0UITestsLaunchTests.swift; sourceTree = "<group>"; };
/* End PBXFileReference section */

/* Begin PBXFrameworksBuildPhase section */
		5FFDE7EC2726FBE800A1E577 /* Frameworks */ = {
			isa = PBXFrameworksBuildPhase;
			buildActionMask = 2147483647;
			files = (
			);
			runOnlyForDeploymentPostprocessing = 0;
		};
		5FFDE7FC2726FBEA00A1E577 /* Frameworks */ = {
			isa = PBXFrameworksBuildPhase;
			buildActionMask = 2147483647;
			files = (
			);
			runOnlyForDeploymentPostprocessing = 0;
		};
		5FFDE8062726FBEA00A1E577 /* Frameworks */ = {
			isa = PBXFrameworksBuildPhase;
			buildActionMask = 2147483647;
			files = (
			);
			runOnlyForDeploymentPostprocessing = 0;
		};
/* End PBXFrameworksBuildPhase section */

/* Begin PBXGroup section */
		5FFDE7E62726FBE800A1E577 = {
			isa = PBXGroup;
			children = (
				5FFDE7F12726FBE800A1E577 /* StargazerV0 */,
				5FFDE8022726FBEA00A1E577 /* StargazerV0Tests */,
				5FFDE80C2726FBEA00A1E577 /* StargazerV0UITests */,
				5FFDE7F02726FBE800A1E577 /* Products */,
			);
			sourceTree = "<group>";
		};
		5FFDE7F02726FBE800A1E577 /* Products */ = {
			isa = PBXGroup;
			children = (
				5FFDE7EF2726FBE800A1E577 /* StargazerV0.app */,
				5FFDE7FF2726FBEA00A1E577 /* StargazerV0Tests.xctest */,
				5FFDE8092726FBEA00A1E577 /* StargazerV0UITests.xctest */,
			);
			name = Products;
			sourceTree = "<group>";
		};
		5FFDE7F12726FBE800A1E577 /* StargazerV0 */ = {
			isa = PBXGroup;
			children = (
				5FFDE7F22726FBE800A1E577 /* StargazerV0App.swift */,
				5FFDE7F42726FBE800A1E577 /* ContentView.swift */,
				5FFDE7F62726FBE900A1E577 /* Assets.xcassets */,
				5FFDE7F82726FBE900A1E577 /* Preview Content */,
			);
			path = StargazerV0;
			sourceTree = "<group>";
		};
		5FFDE7F82726FBE900A1E577 /* Preview Content */ = {
			isa = PBXGroup;
			children = (
				5FFDE7F92726FBE900A1E577 /* Preview Assets.xcassets */,
			);
			path = "Preview Content";
			sourceTree = "<group>";
		};
		5FFDE8022726FBEA00A1E577 /* StargazerV0Tests */ = {
			isa = PBXGroup;
			children = (
				5FFDE8032726FBEA00A1E577 /* StargazerV0Tests.swift */,
			);
			path = StargazerV0Tests;
			sourceTree = "<group>";
		};
		5FFDE80C2726FBEA00A1E577 /* StargazerV0UITests */ = {
			isa = PBXGroup;
			children = (
				5FFDE80D2726FBEA00A1E577 /* StargazerV0UITests.swift */,
				5FFDE80F2726FBEA00A1E577 /* StargazerV0UITestsLaunchTests.swift */,
			);
			path = StargazerV0UITests;
			sourceTree = "<group>";
		};
/* End PBXGroup section */

/* Begin PBXNativeTarget section */
		5FFDE7EE2726FBE800A1E577 /* StargazerV0 */ = {
			isa = PBXNativeTarget;
			buildConfigurationList = 5FFDE8132726FBEA00A1E577 /* Build configuration list for PBXNativeTarget "StargazerV0" */;
			buildPhases = (
				5FFDE7EB2726FBE800A1E577 /* Sources */,
				5FFDE7EC2726FBE800A1E577 /* Frameworks */,
				5FFDE7ED2726FBE800A1E577 /* Resources */,
			);
			buildRules = (
			);
			dependencies = (
			);
			name = StargazerV0;
			productName = StargazerV0;
			productReference = 5FFDE7EF2726FBE800A1E577 /* StargazerV0.app */;
			productType = "com.apple.product-type.application";
		};
		5FFDE7FE2726FBEA00A1E577 /* StargazerV0Tests */ = {
			isa = PBXNativeTarget;
			buildConfigurationList = 5FFDE8162726FBEA00A1E577 /* Build configuration list for PBXNativeTarget "StargazerV0Tests" */;
			buildPhases = (
				5FFDE7FB2726FBEA00A1E577 /* Sources */,
				5FFDE7FC2726FBEA00A1E577 /* Frameworks */,
				5FFDE7FD2726FBEA00A1E577 /* Resources */,
			);
			buildRules = (
			);
			dependencies = (
				5FFDE8012726FBEA00A1E577 /* PBXTargetDependency */,
			);
			name = StargazerV0Tests;
			productName = StargazerV0Tests;
			productReference = 5FFDE7FF2726FBEA00A1E577 /* StargazerV0Tests.xctest */;
			productType = "com.apple.product-type.bundle.unit-test";
		};
		5FFDE8082726FBEA00A1E577 /* StargazerV0UITests */ = {
			isa = PBXNativeTarget;
			buildConfigurationList = 5FFDE8192726FBEA00A1E577 /* Build configuration list for PBXNativeTarget "StargazerV0UITests" */;
			buildPhases = (
				5FFDE8052726FBEA00A1E577 /* Sources */,
				5FFDE8062726FBEA00A1E577 /* Frameworks */,
				5FFDE8072726FBEA00A1E577 /* Resources */,
			);
			buildRules = (
			);
			dependencies = (
				5FFDE80B2726FBEA00A1E577 /* PBXTargetDependency */,
			);
			name = StargazerV0UITests;
			productName = StargazerV0UITests;
			productReference = 5FFDE8092726FBEA00A1E577 /* StargazerV0UITests.xctest */;
			productType = "com.apple.product-type.bundle.ui-testing";
		};
/* End PBXNativeTarget section */

/* Begin PBXProject section */
		5FFDE7E72726FBE800A1E577 /* Project object */ = {
			isa = PBXProject;
			attributes = {
				BuildIndependentTargetsInParallel = 1;
				LastSwiftUpdateCheck = 1300;
				LastUpgradeCheck = 1300;
				TargetAttributes = {
					5FFDE7EE2726FBE800A1E577 = {
						CreatedOnToolsVersion = 13.0;
					};
					5FFDE7FE2726FBEA00A1E577 = {
						CreatedOnToolsVersion = 13.0;
						TestTargetID = 5FFDE7EE2726FBE800A1E577;
					};
					5FFDE8082726FBEA00A1E577 = {
						CreatedOnToolsVersion = 13.0;
						TestTargetID = 5FFDE7EE2726FBE800A1E577;
					};
				};
			};
			buildConfigurationList = 5FFDE7EA2726FBE800A1E577 /* Build configuration list for PBXProject "StargazerV0" */;
			compatibilityVersion = "Xcode 13.0";
			developmentRegion = en;
			hasScannedForEncodings = 0;
			knownRegions = (
				en,
				Base,
			);
			mainGroup = 5FFDE7E62726FBE800A1E577;
			productRefGroup = 5FFDE7F02726FBE800A1E577 /* Products */;
			projectDirPath = "";
			projectRoot = "";
			targets = (
				5FFDE7EE2726FBE800A1E577 /* StargazerV0 */,
				5FFDE7FE2726FBEA00A1E577 /* StargazerV0Tests */,
				5FFDE8082726FBEA00A1E577 /* StargazerV0UITests */,
			);
		};
/* End PBXProject section */

/* Begin PBXResourcesBuildPhase section */
		5FFDE7ED2726FBE800A1E577 /* Resources */ = {
			isa = PBXResourcesBuildPhase;
			buildActionMask = 2147483647;
			files = (
				5FFDE7FA2726FBE900A1E577 /* Preview Assets.xcassets in Resources */,
				5FFDE7F72726FBE900A1E577 /* Assets.xcassets in Resources */,
			);
			runOnlyForDeploymentPostprocessing = 0;
		};
		5FFDE7FD2726FBEA00A1E577 /* Resources */ = {
			isa = PBXResourcesBuildPhase;
			buildActionMask = 2147483647;
			files = (
			);
			runOnlyForDeploymentPostprocessing = 0;
		};
		5FFDE8072726FBEA00A1E577 /* Resources */ = {
			isa = PBXResourcesBuildPhase;
			buildActionMask = 2147483647;
			files = (
			);
			runOnlyForDeploymentPostprocessing = 0;
		};
/* End PBXResourcesBuildPhase section */

/* Begin PBXSourcesBuildPhase section */
		5FFDE7EB2726FBE800A1E577 /* Sources */ = {
			isa = PBXSourcesBuildPhase;
			buildActionMask = 2147483647;
			files = (
				5FFDE7F52726FBE800A1E577 /* ContentView.swift in Sources */,
				5FFDE7F32726FBE800A1E577 /* StargazerV0App.swift in Sources */,
			);
			runOnlyForDeploymentPostprocessing = 0;
		};
		5FFDE7FB2726FBEA00A1E577 /* Sources */ = {
			isa = PBXSourcesBuildPhase;
			buildActionMask = 2147483647;
			files = (
				5FFDE8042726FBEA00A1E577 /* StargazerV0Tests.swift in Sources */,
			);
			runOnlyForDeploymentPostprocessing = 0;
		};
		5FFDE8052726FBEA00A1E577 /* Sources */ = {
			isa = PBXSourcesBuildPhase;
			buildActionMask = 2147483647;
			files = (
				5FFDE8102726FBEA00A1E577 /* StargazerV0UITestsLaunchTests.swift in Sources */,
				5FFDE80E2726FBEA00A1E577 /* StargazerV0UITests.swift in Sources */,
			);
			runOnlyForDeploymentPostprocessing = 0;
		};
/* End PBXSourcesBuildPhase section */

/* Begin PBXTargetDependency section */
		5FFDE8012726FBEA00A1E577 /* PBXTargetDependency */ = {
			isa = PBXTargetDependency;
			target = 5FFDE7EE2726FBE800A1E577 /* StargazerV0 */;
			targetProxy = 5FFDE8002726FBEA00A1E577 /* PBXContainerItemProxy */;
		};
		5FFDE80B2726FBEA00A1E577 /* PBXTargetDependency */ = {
			isa = PBXTargetDependency;
			target = 5FFDE7EE2726FBE800A1E577 /* StargazerV0 */;
			targetProxy = 5FFDE80A2726FBEA00A1E577 /* PBXContainerItemProxy */;
		};
/* End PBXTargetDependency section */

/* Begin XCBuildConfiguration section */
		5FFDE8112726FBEA00A1E577 /* Debug */ = {
			isa = XCBuildConfiguration;
			buildSettings = {
				ALWAYS_SEARCH_USER_PATHS = NO;
				CLANG_ANALYZER_NONNULL = YES;
				CLANG_ANALYZER_NUMBER_OBJECT_CONVERSION = YES_AGGRESSIVE;
				CLANG_CXX_LANGUAGE_STANDARD = "gnu++17";
				CLANG_CXX_LIBRARY = "libc++";
				CLANG_ENABLE_MODULES = YES;
				CLANG_ENABLE_OBJC_ARC = YES;
				CLANG_ENABLE_OBJC_WEAK = YES;
				CLANG_WARN_BLOCK_CAPTURE_AUTORELEASING = YES;
				CLANG_WARN_BOOL_CONVERSION = YES;
				CLANG_WARN_COMMA = YES;
				CLANG_WARN_CONSTANT_CONVERSION = YES;
				CLANG_WARN_DEPRECATED_OBJC_IMPLEMENTATIONS = YES;
				CLANG_WARN_DIRECT_OBJC_ISA_USAGE = YES_ERROR;
				CLANG_WARN_DOCUMENTATION_COMMENTS = YES;
				CLANG_WARN_EMPTY_BODY = YES;
				CLANG_WARN_ENUM_CONVERSION = YES;
				CLANG_WARN_INFINITE_RECURSION = YES;
				CLANG_WARN_INT_CONVERSION = YES;
				CLANG_WARN_NON_LITERAL_NULL_CONVERSION = YES;
				CLANG_WARN_OBJC_IMPLICIT_RETAIN_SELF = YES;
				CLANG_WARN_OBJC_LITERAL_CONVERSION = YES;
				CLANG_WARN_OBJC_ROOT_CLASS = YES_ERROR;
				CLANG_WARN_QUOTED_INCLUDE_IN_FRAMEWORK_HEADER = YES;
				CLANG_WARN_RANGE_LOOP_ANALYSIS = YES;
				CLANG_WARN_STRICT_PROTOTYPES = YES;
				CLANG_WARN_SUSPICIOUS_MOVE = YES;
				CLANG_WARN_UNGUARDED_AVAILABILITY = YES_AGGRESSIVE;
				CLANG_WARN_UNREACHABLE_CODE = YES;
				CLANG_WARN__DUPLICATE_METHOD_MATCH = YES;
				COPY_PHASE_STRIP = NO;
				DEBUG_INFORMATION_FORMAT = dwarf;
				ENABLE_STRICT_OBJC_MSGSEND = YES;
				ENABLE_TESTABILITY = YES;
				GCC_C_LANGUAGE_STANDARD = gnu11;
				GCC_DYNAMIC_NO_PIC = NO;
				GCC_NO_COMMON_BLOCKS = YES;
				GCC_OPTIMIZATION_LEVEL = 0;
				GCC_PREPROCESSOR_DEFINITIONS = (
					"DEBUG=1",
					"$(inherited)",
				);
				GCC_WARN_64_TO_32_BIT_CONVERSION = YES;
				GCC_WARN_ABOUT_RETURN_TYPE = YES_ERROR;
				GCC_WARN_UNDECLARED_SELECTOR = YES;
				GCC_WARN_UNINITIALIZED_AUTOS = YES_AGGRESSIVE;
				GCC_WARN_UNUSED_FUNCTION = YES;
				GCC_WARN_UNUSED_VARIABLE = YES;
				IPHONEOS_DEPLOYMENT_TARGET = 15.0;
				MTL_ENABLE_DEBUG_INFO = INCLUDE_SOURCE;
				MTL_FAST_MATH = YES;
				ONLY_ACTIVE_ARCH = YES;
				SDKROOT = iphoneos;
				SWIFT_ACTIVE_COMPILATION_CONDITIONS = DEBUG;
				SWIFT_OPTIMIZATION_LEVEL = "-Onone";
			};
			name = Debug;
		};
		5FFDE8122726FBEA00A1E577 /* Release */ = {
			isa = XCBuildConfiguration;
			buildSettings = {
				ALWAYS_SEARCH_USER_PATHS = NO;
				CLANG_ANALYZER_NONNULL = YES;
				CLANG_ANALYZER_NUMBER_OBJECT_CONVERSION = YES_AGGRESSIVE;
				CLANG_CXX_LANGUAGE_STANDARD = "gnu++17";
				CLANG_CXX_LIBRARY = "libc++";
				CLANG_ENABLE_MODULES = YES;
				CLANG_ENABLE_OBJC_ARC = YES;
				CLANG_ENABLE_OBJC_WEAK = YES;
				CLANG_WARN_BLOCK_CAPTURE_AUTORELEASING = YES;
				CLANG_WARN_BOOL_CONVERSION = YES;
				CLANG_WARN_COMMA = YES;
				CLANG_WARN_CONSTANT_CONVERSION = YES;
				CLANG_WARN_DEPRECATED_OBJC_IMPLEMENTATIONS = YES;
				CLANG_WARN_DIRECT_OBJC_ISA_USAGE = YES_ERROR;
				CLANG_WARN_DOCUMENTATION_COMMENTS = YES;
				CLANG_WARN_EMPTY_BODY = YES;
				CLANG_WARN_ENUM_CONVERSION = YES;
				CLANG_WARN_INFINITE_RECURSION = YES;
				CLANG_WARN_INT_CONVERSION = YES;
				CLANG_WARN_NON_LITERAL_NULL_CONVERSION = YES;
				CLANG_WARN_OBJC_IMPLICIT_RETAIN_SELF = YES;
				CLANG_WARN_OBJC_LITERAL_CONVERSION = YES;
				CLANG_WARN_OBJC_ROOT_CLASS = YES_ERROR;
				CLANG_WARN_QUOTED_INCLUDE_IN_FRAMEWORK_HEADER = YES;
				CLANG_WARN_RANGE_LOOP_ANALYSIS = YES;
				CLANG_WARN_STRICT_PROTOTYPES = YES;
				CLANG_WARN_SUSPICIOUS_MOVE = YES;
				CLANG_WARN_UNGUARDED_AVAILABILITY = YES_AGGRESSIVE;
				CLANG_WARN_UNREACHABLE_CODE = YES;
				CLANG_WARN__DUPLICATE_METHOD_MATCH = YES;
				COPY_PHASE_STRIP = NO;
				DEBUG_INFORMATION_FORMAT = "dwarf-with-dsym";
				ENABLE_NS_ASSERTIONS = NO;
				ENABLE_STRICT_OBJC_MSGSEND = YES;
				GCC_C_LANGUAGE_STANDARD = gnu11;
				GCC_NO_COMMON_BLOCKS = YES;
				GCC_WARN_64_TO_32_BIT_CONVERSION = YES;
				GCC_WARN_ABOUT_RETURN_TYPE = YES_ERROR;
				GCC_WARN_UNDECLARED_SELECTOR = YES;
				GCC_WARN_UNINITIALIZED_AUTOS = YES_AGGRESSIVE;
				GCC_WARN_UNUSED_FUNCTION = YES;
				GCC_WARN_UNUSED_VARIABLE = YES;
				IPHONEOS_DEPLOYMENT_TARGET = 15.0;
				MTL_ENABLE_DEBUG_INFO = NO;
				MTL_FAST_MATH = YES;
				SDKROOT = iphoneos;
				SWIFT_COMPILATION_MODE = wholemodule;
				SWIFT_OPTIMIZATION_LEVEL = "-O";
				VALIDATE_PRODUCT = YES;
			};
			name = Release;
		};
		5FFDE8142726FBEA00A1E577 /* Debug */ = {
			isa = XCBuildConfiguration;
			buildSettings = {
				ASSETCATALOG_COMPILER_APPICON_NAME = AppIcon;
				ASSETCATALOG_COMPILER_GLOBAL_ACCENT_COLOR_NAME = AccentColor;
				CODE_SIGN_STYLE = Automatic;
				CURRENT_PROJECT_VERSION = 1;
				DEVELOPMENT_ASSET_PATHS = "\"StargazerV0/Preview Content\"";
				ENABLE_PREVIEWS = YES;
				GENERATE_INFOPLIST_FILE = YES;
				INFOPLIST_KEY_UIApplicationSceneManifest_Generation = YES;
				INFOPLIST_KEY_UIApplicationSupportsIndirectInputEvents = YES;
				INFOPLIST_KEY_UILaunchScreen_Generation = YES;
				INFOPLIST_KEY_UISupportedInterfaceOrientations_iPad = "UIInterfaceOrientationPortrait UIInterfaceOrientationPortraitUpsideDown UIInterfaceOrientationLandscapeLeft UIInterfaceOrientationLandscapeRight";
				INFOPLIST_KEY_UISupportedInterfaceOrientations_iPhone = "UIInterfaceOrientationPortrait UIInterfaceOrientationLandscapeLeft UIInterfaceOrientationLandscapeRight";
				IPHONEOS_DEPLOYMENT_TARGET = 14.0;
				LD_RUNPATH_SEARCH_PATHS = (
					"$(inherited)",
					"@executable_path/Frameworks",
				);
				MARKETING_VERSION = 1.0;
				PRODUCT_BUNDLE_IDENTIFIER = me.StargazerV0;
				PRODUCT_NAME = "$(TARGET_NAME)";
				SWIFT_EMIT_LOC_STRINGS = YES;
				SWIFT_VERSION = 5.0;
				TARGETED_DEVICE_FAMILY = "1,2";
			};
			name = Debug;
		};
		5FFDE8152726FBEA00A1E577 /* Release */ = {
			isa = XCBuildConfiguration;
			buildSettings = {
				ASSETCATALOG_COMPILER_APPICON_NAME = AppIcon;
				ASSETCATALOG_COMPILER_GLOBAL_ACCENT_COLOR_NAME = AccentColor;
				CODE_SIGN_STYLE = Automatic;
				CURRENT_PROJECT_VERSION = 1;
				DEVELOPMENT_ASSET_PATHS = "\"StargazerV0/Preview Content\"";
				ENABLE_PREVIEWS = YES;
				GENERATE_INFOPLIST_FILE = YES;
				INFOPLIST_KEY_UIApplicationSceneManifest_Generation = YES;
				INFOPLIST_KEY_UIApplicationSupportsIndirectInputEvents = YES;
				INFOPLIST_KEY_UILaunchScreen_Generation = YES;
				INFOPLIST_KEY_UISupportedInterfaceOrientations_iPad = "UIInterfaceOrientationPortrait UIInterfaceOrientationPortraitUpsideDown UIInterfaceOrientationLandscapeLeft UIInterfaceOrientationLandscapeRight";
				INFOPLIST_KEY_UISupportedInterfaceOrientations_iPhone = "UIInterfaceOrientationPortrait UIInterfaceOrientationLandscapeLeft UIInterfaceOrientationLandscapeRight";
				IPHONEOS_DEPLOYMENT_TARGET = 14.0;
				LD_RUNPATH_SEARCH_PATHS = (
					"$(inherited)",
					"@executable_path/Frameworks",
				);
				MARKETING_VERSION = 1.0;
				PRODUCT_BUNDLE_IDENTIFIER = me.StargazerV0;
				PRODUCT_NAME = "$(TARGET_NAME)";
				SWIFT_EMIT_LOC_STRINGS = YES;
				SWIFT_VERSION = 5.0;
				TARGETED_DEVICE_FAMILY = "1,2";
			};
			name = Release;
		};
		5FFDE8172726FBEA00A1E577 /* Debug */ = {
			isa = XCBuildConfiguration;
			buildSettings = {
				ALWAYS_EMBED_SWIFT_STANDARD_LIBRARIES = YES;
				BUNDLE_LOADER = "$(TEST_HOST)";
				CODE_SIGN_STYLE = Automatic;
				CURRENT_PROJECT_VERSION = 1;
				GENERATE_INFOPLIST_FILE = YES;
				IPHONEOS_DEPLOYMENT_TARGET = 14.0;
				LD_RUNPATH_SEARCH_PATHS = (
					"$(inherited)",
					"@executable_path/Frameworks",
					"@loader_path/Frameworks",
				);
				MARKETING_VERSION = 1.0;
				PRODUCT_BUNDLE_IDENTIFIER = me.StargazerV0Tests;
				PRODUCT_NAME = "$(TARGET_NAME)";
				SWIFT_EMIT_LOC_STRINGS = NO;
				SWIFT_VERSION = 5.0;
				TARGETED_DEVICE_FAMILY = "1,2";
				TEST_HOST = "$(BUILT_PRODUCTS_DIR)/StargazerV0.app/StargazerV0";
			};
			name = Debug;
		};
		5FFDE8182726FBEA00A1E577 /* Release */ = {
			isa = XCBuildConfiguration;
			buildSettings = {
				ALWAYS_EMBED_SWIFT_STANDARD_LIBRARIES = YES;
				BUNDLE_LOADER = "$(TEST_HOST)";
				CODE_SIGN_STYLE = Automatic;
				CURRENT_PROJECT_VERSION = 1;
				GENERATE_INFOPLIST_FILE = YES;
				IPHONEOS_DEPLOYMENT_TARGET = 14.0;
				LD_RUNPATH_SEARCH_PATHS = (
					"$(inherited)",
					"@executable_path/Frameworks",
					"@loader_path/Frameworks",
				);
				MARKETING_VERSION = 1.0;
				PRODUCT_BUNDLE_IDENTIFIER = me.StargazerV0Tests;
				PRODUCT_NAME = "$(TARGET_NAME)";
				SWIFT_EMIT_LOC_STRINGS = NO;
				SWIFT_VERSION = 5.0;
				TARGETED_DEVICE_FAMILY = "1,2";
				TEST_HOST = "$(BUILT_PRODUCTS_DIR)/StargazerV0.app/StargazerV0";
			};
			name = Release;
		};
		5FFDE81A2726FBEA00A1E577 /* Debug */ = {
			isa = XCBuildConfiguration;
			buildSettings = {
				ALWAYS_EMBED_SWIFT_STANDARD_LIBRARIES = YES;
				CODE_SIGN_STYLE = Automatic;
				CURRENT_PROJECT_VERSION = 1;
				GENERATE_INFOPLIST_FILE = YES;
				LD_RUNPATH_SEARCH_PATHS = (
					"$(inherited)",
					"@executable_path/Frameworks",
					"@loader_path/Frameworks",
				);
				MARKETING_VERSION = 1.0;
				PRODUCT_BUNDLE_IDENTIFIER = me.StargazerV0UITests;
				PRODUCT_NAME = "$(TARGET_NAME)";
				SWIFT_EMIT_LOC_STRINGS = NO;
				SWIFT_VERSION = 5.0;
				TARGETED_DEVICE_FAMILY = "1,2";
				TEST_TARGET_NAME = StargazerV0;
			};
			name = Debug;
		};
		5FFDE81B2726FBEA00A1E577 /* Release */ = {
			isa = XCBuildConfiguration;
			buildSettings = {
				ALWAYS_EMBED_SWIFT_STANDARD_LIBRARIES = YES;
				CODE_SIGN_STYLE = Automatic;
				CURRENT_PROJECT_VERSION = 1;
				GENERATE_INFOPLIST_FILE = YES;
				LD_RUNPATH_SEARCH_PATHS = (
					"$(inherited)",
					"@executable_path/Frameworks",
					"@loader_path/Frameworks",
				);
				MARKETING_VERSION = 1.0;
				PRODUCT_BUNDLE_IDENTIFIER = me.StargazerV0UITests;
				PRODUCT_NAME = "$(TARGET_NAME)";
				SWIFT_EMIT_LOC_STRINGS = NO;
				SWIFT_VERSION = 5.0;
				TARGETED_DEVICE_FAMILY = "1,2";
				TEST_TARGET_NAME = StargazerV0;
			};
			name = Release;
		};
/* End XCBuildConfiguration section */

/* Begin XCConfigurationList section */
		5FFDE7EA2726FBE800A1E577 /* Build configuration list for PBXProject "StargazerV0" */ = {
			isa = XCConfigurationList;
			buildConfigurations = (
				5FFDE8112726FBEA00A1E577 /* Debug */,
				5FFDE8122726FBEA00A1E577 /* Release */,
			);
			defaultConfigurationIsVisible = 0;
			defaultConfigurationName = Release;
		};
		5FFDE8132726FBEA00A1E577 /* Build configuration list for PBXNativeTarget "StargazerV0" */ = {
			isa = XCConfigurationList;
			buildConfigurations = (
				5FFDE8142726FBEA00A1E577 /* Debug */,
				5FFDE8152726FBEA00A1E577 /* Release */,
			);
			defaultConfigurationIsVisible = 0;
			defaultConfigurationName = Release;
		};
		5FFDE8162726FBEA00A1E577 /* Build configuration list for PBXNativeTarget "StargazerV0Tests" */ = {
			isa = XCConfigurationList;
			buildConfigurations = (
				5FFDE8172726FBEA00A1E577 /* Debug */,
				5FFDE8182726FBEA00A1E577 /* Release */,
			);
			defaultConfigurationIsVisible = 0;
			defaultConfigurationName = Release;
		};
		5FFDE8192726FBEA00A1E577 /* Build configuration list for PBXNativeTarget "StargazerV0UITests" */ = {
			isa = XCConfigurationList;
			buildConfigurations = (
				5FFDE81A2726FBEA00A1E577 /* Debug */,
				5FFDE81B2726FBEA00A1E577 /* Release */,
			);
			defaultConfigurationIsVisible = 0;
			defaultConfigurationName = Release;
		};
/* End XCConfigurationList section */
	};
	rootObject = 5FFDE7E72726FBE800A1E577 /* Project object */;
}
